
Microsoft Visual Studio Solution File, Format Version 12.00
# Visual Studio 15
VisualStudioVersion = 15.0.28307.539
MinimumVisualStudioVersion = 10.0.40219.1
Project("{FAE04EC0-301F-11D3-BF4B-00C04F79EFBC}") = "FoodDiaryUI", "FoodDiary\FoodDiaryUI.csproj", "{8FCE6892-3242-4BDE-B204-60C8E5882843}"
EndProject
Project("{FAE04EC0-301F-11D3-BF4B-00C04F79EFBC}") = "FoodDiary.DAL", "FoodDiary.DAL\FoodDiary.DAL.csproj", "{9E2C8DEC-D339-4334-B9D5-54BCC97E722B}"
EndProject
Project("{FAE04EC0-301F-11D3-BF4B-00C04F79EFBC}") = "FoodDiary.BLL", "FoodDiary.BLL\FoodDiary.BLL.csproj", "{F25843D2-0FEF-459D-974B-DDB20763A7FD}"
EndProject
Global
	GlobalSection(SolutionConfigurationPlatforms) = preSolution
		Debug|Any CPU = Debug|Any CPU
		Release|Any CPU = Release|Any CPU
	EndGlobalSection
	GlobalSection(ProjectConfigurationPlatforms) = postSolution
		{8FCE6892-3242-4BDE-B204-60C8E5882843}.Debug|Any CPU.ActiveCfg = Debug|Any CPU
		{8FCE6892-3242-4BDE-B204-60C8E5882843}.Debug|Any CPU.Build.0 = Debug|Any CPU
		{8FCE6892-3242-4BDE-B204-60C8E5882843}.Release|Any CPU.ActiveCfg = Release|Any CPU
		{8FCE6892-3242-4BDE-B204-60C8E5882843}.Release|Any CPU.Build.0 = Release|Any CPU
		{9E2C8DEC-D339-4334-B9D5-54BCC97E722B}.Debug|Any CPU.ActiveCfg = Debug|Any CPU
		{9E2C8DEC-D339-4334-B9D5-54BCC97E722B}.Debug|Any CPU.Build.0 = Debug|Any CPU
		{9E2C8DEC-D339-4334-B9D5-54BCC97E722B}.Release|Any CPU.ActiveCfg = Release|Any CPU
		{9E2C8DEC-D339-4334-B9D5-54BCC97E722B}.Release|Any CPU.Build.0 = Release|Any CPU
		{F25843D2-0FEF-459D-974B-DDB20763A7FD}.Debug|Any CPU.ActiveCfg = Debug|Any CPU
		{F25843D2-0FEF-459D-974B-DDB20763A7FD}.Debug|Any CPU.Build.0 = Debug|Any CPU
		{F25843D2-0FEF-459D-974B-DDB20763A7FD}.Release|Any CPU.ActiveCfg = Release|Any CPU
		{F25843D2-0FEF-459D-974B-DDB20763A7FD}.Release|Any CPU.Build.0 = Release|Any CPU
	EndGlobalSection
	GlobalSection(SolutionProperties) = preSolution
		HideSolutionNode = FALSE
	EndGlobalSection
	GlobalSection(ExtensibilityGlobals) = postSolution
		SolutionGuid = {FB5E61FB-8D2D-4924-8D5E-9C3BD81F55DE}
	EndGlobalSection
EndGlobal
